{
  "originHash" : "1cd7f245a1e3118d13fc72d5001513b57319f62fc780ea6cb8cb5c9a4c8eb57d",
  "pins" : [
    {
      "identity" : "swift-cmark",
      "kind" : "remoteSourceControl",
      "location" : "https://github.com/swiftlang/swift-cmark",
      "state" : {
        "revision" : "3ccff77b2dc5b96b77db3da0d68d28068593fa53",
        "version" : "0.5.0"
      }
    }
  ],
  "version" : 3
}
